// !$*UTF8*$!
{
	archiveVersion = 1;
	classes = {
	};
	objectVersion = 56;
	objects = {

/* Begin PBXBuildFile section */
		8E5F02062AF13D2F00C4CAB4 /* SUpotify_MobileApp.swift in Sources */ = {isa = PBXBuildFile; fileRef = 8E5F02052AF13D2F00C4CAB4 /* SUpotify_MobileApp.swift */; };
		8E5F02082AF13D2F00C4CAB4 /* LoginView.swift in Sources */ = {isa = PBXBuildFile; fileRef = 8E5F02072AF13D2F00C4CAB4 /* LoginView.swift */; };
		8E5F020A2AF13D3200C4CAB4 /* Assets.xcassets in Resources */ = {isa = PBXBuildFile; fileRef = 8E5F02092AF13D3200C4CAB4 /* Assets.xcassets */; };
		8E5F020D2AF13D3200C4CAB4 /* Preview Assets.xcassets in Resources */ = {isa = PBXBuildFile; fileRef = 8E5F020C2AF13D3200C4CAB4 /* Preview Assets.xcassets */; };
		8E5F02172AF13D3300C4CAB4 /* SUpotify_MobileTests.swift in Sources */ = {isa = PBXBuildFile; fileRef = 8E5F02162AF13D3300C4CAB4 /* SUpotify_MobileTests.swift */; };
		8E5F02212AF13D3300C4CAB4 /* SUpotify_MobileUITests.swift in Sources */ = {isa = PBXBuildFile; fileRef = 8E5F02202AF13D3300C4CAB4 /* SUpotify_MobileUITests.swift */; };
		8E5F02232AF13D3300C4CAB4 /* SUpotify_MobileUITestsLaunchTests.swift in Sources */ = {isa = PBXBuildFile; fileRef = 8E5F02222AF13D3300C4CAB4 /* SUpotify_MobileUITestsLaunchTests.swift */; };
		8E5F02302AF13D4F00C4CAB4 /* SingUpView.swift in Sources */ = {isa = PBXBuildFile; fileRef = 8E5F022F2AF13D4F00C4CAB4 /* SingUpView.swift */; };
/* End PBXBuildFile section */

/* Begin PBXContainerItemProxy section */
		8E5F02132AF13D3300C4CAB4 /* PBXContainerItemProxy */ = {
			isa = PBXContainerItemProxy;
			containerPortal = 8E5F01FA2AF13D2F00C4CAB4 /* Project object */;
			proxyType = 1;
			remoteGlobalIDString = 8E5F02012AF13D2F00C4CAB4;
			remoteInfo = SUpotify_Mobile;
		};
		8E5F021D2AF13D3300C4CAB4 /* PBXContainerItemProxy */ = {
			isa = PBXContainerItemProxy;
			containerPortal = 8E5F01FA2AF13D2F00C4CAB4 /* Project object */;
			proxyType = 1;
			remoteGlobalIDString = 8E5F02012AF13D2F00C4CAB4;
			remoteInfo = SUpotify_Mobile;
		};
/* End PBXContainerItemProxy section */

/* Begin PBXFileReference section */
		8E5F02022AF13D2F00C4CAB4 /* SUpotify_Mobile.app */ = {isa = PBXFileReference; explicitFileType = wrapper.application; includeInIndex = 0; path = SUpotify_Mobile.app; sourceTree = BUILT_PRODUCTS_DIR; };
		8E5F02052AF13D2F00C4CAB4 /* SUpotify_MobileApp.swift */ = {isa = PBXFileReference; lastKnownFileType = sourcecode.swift; path = SUpotify_MobileApp.swift; sourceTree = "<group>"; };
		8E5F02072AF13D2F00C4CAB4 /* LoginView.swift */ = {isa = PBXFileReference; lastKnownFileType = sourcecode.swift; path = LoginView.swift; sourceTree = "<group>"; };
		8E5F02092AF13D3200C4CAB4 /* Assets.xcassets */ = {isa = PBXFileReference; lastKnownFileType = folder.assetcatalog; path = Assets.xcassets; sourceTree = "<group>"; };
		8E5F020C2AF13D3200C4CAB4 /* Preview Assets.xcassets */ = {isa = PBXFileReference; lastKnownFileType = folder.assetcatalog; path = "Preview Assets.xcassets"; sourceTree = "<group>"; };
		8E5F02122AF13D3300C4CAB4 /* SUpotify_MobileTests.xctest */ = {isa = PBXFileReference; explicitFileType = wrapper.cfbundle; includeInIndex = 0; path = SUpotify_MobileTests.xctest; sourceTree = BUILT_PRODUCTS_DIR; };
		8E5F02162AF13D3300C4CAB4 /* SUpotify_MobileTests.swift */ = {isa = PBXFileReference; lastKnownFileType = sourcecode.swift; path = SUpotify_MobileTests.swift; sourceTree = "<group>"; };
		8E5F021C2AF13D3300C4CAB4 /* SUpotify_MobileUITests.xctest */ = {isa = PBXFileReference; explicitFileType = wrapper.cfbundle; includeInIndex = 0; path = SUpotify_MobileUITests.xctest; sourceTree = BUILT_PRODUCTS_DIR; };
		8E5F02202AF13D3300C4CAB4 /* SUpotify_MobileUITests.swift */ = {isa = PBXFileReference; lastKnownFileType = sourcecode.swift; path = SUpotify_MobileUITests.swift; sourceTree = "<group>"; };
		8E5F02222AF13D3300C4CAB4 /* SUpotify_MobileUITestsLaunchTests.swift */ = {isa = PBXFileReference; lastKnownFileType = sourcecode.swift; path = SUpotify_MobileUITestsLaunchTests.swift; sourceTree = "<group>"; };
		8E5F022F2AF13D4F00C4CAB4 /* SingUpView.swift */ = {isa = PBXFileReference; lastKnownFileType = sourcecode.swift; path = SingUpView.swift; sourceTree = "<group>"; };
/* End PBXFileReference section */

/* Begin PBXFrameworksBuildPhase section */
		8E5F01FF2AF13D2F00C4CAB4 /* Frameworks */ = {
			isa = PBXFrameworksBuildPhase;
			buildActionMask = 2147483647;
			files = (
			);
			runOnlyForDeploymentPostprocessing = 0;
		};
		8E5F020F2AF13D3300C4CAB4 /* Frameworks */ = {
			isa = PBXFrameworksBuildPhase;
			buildActionMask = 2147483647;
			files = (
			);
			runOnlyForDeploymentPostprocessing = 0;
		};
		8E5F02192AF13D3300C4CAB4 /* Frameworks */ = {
			isa = PBXFrameworksBuildPhase;
			buildActionMask = 2147483647;
			files = (
			);
			runOnlyForDeploymentPostprocessing = 0;
		};
/* End PBXFrameworksBuildPhase section */

/* Begin PBXGroup section */
		8E5F01F92AF13D2F00C4CAB4 = {
			isa = PBXGroup;
			children = (
				8E5F02042AF13D2F00C4CAB4 /* SUpotify_Mobile */,
				8E5F02152AF13D3300C4CAB4 /* SUpotify_MobileTests */,
				8E5F021F2AF13D3300C4CAB4 /* SUpotify_MobileUITests */,
				8E5F02032AF13D2F00C4CAB4 /* Products */,
			);
			sourceTree = "<group>";
		};
		8E5F02032AF13D2F00C4CAB4 /* Products */ = {
			isa = PBXGroup;
			children = (
				8E5F02022AF13D2F00C4CAB4 /* SUpotify_Mobile.app */,
				8E5F02122AF13D3300C4CAB4 /* SUpotify_MobileTests.xctest */,
				8E5F021C2AF13D3300C4CAB4 /* SUpotify_MobileUITests.xctest */,
			);
			name = Products;
			sourceTree = "<group>";
		};
		8E5F02042AF13D2F00C4CAB4 /* SUpotify_Mobile */ = {
			isa = PBXGroup;
			children = (
				8E5F02052AF13D2F00C4CAB4 /* SUpotify_MobileApp.swift */,
				8E5F02072AF13D2F00C4CAB4 /* LoginView.swift */,
				8E5F022F2AF13D4F00C4CAB4 /* SingUpView.swift */,
				8E5F02092AF13D3200C4CAB4 /* Assets.xcassets */,
				8E5F020B2AF13D3200C4CAB4 /* Preview Content */,
			);
			path = SUpotify_Mobile;
			sourceTree = "<group>";
		};
		8E5F020B2AF13D3200C4CAB4 /* Preview Content */ = {
			isa = PBXGroup;
			children = (
				8E5F020C2AF13D3200C4CAB4 /* Preview Assets.xcassets */,
			);
			path = "Preview Content";
			sourceTree = "<group>";
		};
		8E5F02152AF13D3300C4CAB4 /* SUpotify_MobileTests */ = {
			isa = PBXGroup;
			children = (
				8E5F02162AF13D3300C4CAB4 /* SUpotify_MobileTests.swift */,
			);
			path = SUpotify_MobileTests;
			sourceTree = "<group>";
		};
		8E5F021F2AF13D3300C4CAB4 /* SUpotify_MobileUITests */ = {
			isa = PBXGroup;
			children = (
				8E5F02202AF13D3300C4CAB4 /* SUpotify_MobileUITests.swift */,
				8E5F02222AF13D3300C4CAB4 /* SUpotify_MobileUITestsLaunchTests.swift */,
			);
			path = SUpotify_MobileUITests;
			sourceTree = "<group>";
		};
/* End PBXGroup section */

/* Begin PBXNativeTarget section */
		8E5F02012AF13D2F00C4CAB4 /* SUpotify_Mobile */ = {
			isa = PBXNativeTarget;
			buildConfigurationList = 8E5F02262AF13D3300C4CAB4 /* Build configuration list for PBXNativeTarget "SUpotify_Mobile" */;
			buildPhases = (
				8E5F01FE2AF13D2F00C4CAB4 /* Sources */,
				8E5F01FF2AF13D2F00C4CAB4 /* Frameworks */,
				8E5F02002AF13D2F00C4CAB4 /* Resources */,
			);
			buildRules = (
			);
			dependencies = (
			);
			name = SUpotify_Mobile;
			productName = SUpotify_Mobile;
			productReference = 8E5F02022AF13D2F00C4CAB4 /* SUpotify_Mobile.app */;
			productType = "com.apple.product-type.application";
		};
		8E5F02112AF13D3300C4CAB4 /* SUpotify_MobileTests */ = {
			isa = PBXNativeTarget;
			buildConfigurationList = 8E5F02292AF13D3300C4CAB4 /* Build configuration list for PBXNativeTarget "SUpotify_MobileTests" */;
			buildPhases = (
				8E5F020E2AF13D3300C4CAB4 /* Sources */,
				8E5F020F2AF13D3300C4CAB4 /* Frameworks */,
				8E5F02102AF13D3300C4CAB4 /* Resources */,
			);
			buildRules = (
			);
			dependencies = (
				8E5F02142AF13D3300C4CAB4 /* PBXTargetDependency */,
			);
			name = SUpotify_MobileTests;
			productName = SUpotify_MobileTests;
			productReference = 8E5F02122AF13D3300C4CAB4 /* SUpotify_MobileTests.xctest */;
			productType = "com.apple.product-type.bundle.unit-test";
		};
		8E5F021B2AF13D3300C4CAB4 /* SUpotify_MobileUITests */ = {
			isa = PBXNativeTarget;
			buildConfigurationList = 8E5F022C2AF13D3300C4CAB4 /* Build configuration list for PBXNativeTarget "SUpotify_MobileUITests" */;
			buildPhases = (
				8E5F02182AF13D3300C4CAB4 /* Sources */,
				8E5F02192AF13D3300C4CAB4 /* Frameworks */,
				8E5F021A2AF13D3300C4CAB4 /* Resources */,
			);
			buildRules = (
			);
			dependencies = (
				8E5F021E2AF13D3300C4CAB4 /* PBXTargetDependency */,
			);
			name = SUpotify_MobileUITests;
			productName = SUpotify_MobileUITests;
			productReference = 8E5F021C2AF13D3300C4CAB4 /* SUpotify_MobileUITests.xctest */;
			productType = "com.apple.product-type.bundle.ui-testing";
		};
/* End PBXNativeTarget section */

/* Begin PBXProject section */
		8E5F01FA2AF13D2F00C4CAB4 /* Project object */ = {
			isa = PBXProject;
			attributes = {
				BuildIndependentTargetsInParallel = 1;
				LastSwiftUpdateCheck = 1500;
				LastUpgradeCheck = 1500;
				TargetAttributes = {
					8E5F02012AF13D2F00C4CAB4 = {
						CreatedOnToolsVersion = 15.0.1;
					};
					8E5F02112AF13D3300C4CAB4 = {
						CreatedOnToolsVersion = 15.0.1;
						TestTargetID = 8E5F02012AF13D2F00C4CAB4;
					};
					8E5F021B2AF13D3300C4CAB4 = {
						CreatedOnToolsVersion = 15.0.1;
						TestTargetID = 8E5F02012AF13D2F00C4CAB4;
					};
				};
			};
			buildConfigurationList = 8E5F01FD2AF13D2F00C4CAB4 /* Build configuration list for PBXProject "SUpotify_Mobile" */;
			compatibilityVersion = "Xcode 14.0";
			developmentRegion = en;
			hasScannedForEncodings = 0;
			knownRegions = (
				en,
				Base,
			);
			mainGroup = 8E5F01F92AF13D2F00C4CAB4;
			productRefGroup = 8E5F02032AF13D2F00C4CAB4 /* Products */;
			projectDirPath = "";
			projectRoot = "";
			targets = (
				8E5F02012AF13D2F00C4CAB4 /* SUpotify_Mobile */,
				8E5F02112AF13D3300C4CAB4 /* SUpotify_MobileTests */,
				8E5F021B2AF13D3300C4CAB4 /* SUpotify_MobileUITests */,
			);
		};
/* End PBXProject section */

/* Begin PBXResourcesBuildPhase section */
		8E5F02002AF13D2F00C4CAB4 /* Resources */ = {
			isa = PBXResourcesBuildPhase;
			buildActionMask = 2147483647;
			files = (
				8E5F020D2AF13D3200C4CAB4 /* Preview Assets.xcassets in Resources */,
				8E5F020A2AF13D3200C4CAB4 /* Assets.xcassets in Resources */,
			);
			runOnlyForDeploymentPostprocessing = 0;
		};
		8E5F02102AF13D3300C4CAB4 /* Resources */ = {
			isa = PBXResourcesBuildPhase;
			buildActionMask = 2147483647;
			files = (
			);
			runOnlyForDeploymentPostprocessing = 0;
		};
		8E5F021A2AF13D3300C4CAB4 /* Resources */ = {
			isa = PBXResourcesBuildPhase;
			buildActionMask = 2147483647;
			files = (
			);
			runOnlyForDeploymentPostprocessing = 0;
		};
/* End PBXResourcesBuildPhase section */

/* Begin PBXSourcesBuildPhase section */
		8E5F01FE2AF13D2F00C4CAB4 /* Sources */ = {
			isa = PBXSourcesBuildPhase;
			buildActionMask = 2147483647;
			files = (
				8E5F02082AF13D2F00C4CAB4 /* LoginView.swift in Sources */,
				8E5F02062AF13D2F00C4CAB4 /* SUpotify_MobileApp.swift in Sources */,
				8E5F02302AF13D4F00C4CAB4 /* SingUpView.swift in Sources */,
			);
			runOnlyForDeploymentPostprocessing = 0;
		};
		8E5F020E2AF13D3300C4CAB4 /* Sources */ = {
			isa = PBXSourcesBuildPhase;
			buildActionMask = 2147483647;
			files = (
				8E5F02172AF13D3300C4CAB4 /* SUpotify_MobileTests.swift in Sources */,
			);
			runOnlyForDeploymentPostprocessing = 0;
		};
		8E5F02182AF13D3300C4CAB4 /* Sources */ = {
			isa = PBXSourcesBuildPhase;
			buildActionMask = 2147483647;
			files = (
				8E5F02212AF13D3300C4CAB4 /* SUpotify_MobileUITests.swift in Sources */,
				8E5F02232AF13D3300C4CAB4 /* SUpotify_MobileUITestsLaunchTests.swift in Sources */,
			);
			runOnlyForDeploymentPostprocessing = 0;
		};
/* End PBXSourcesBuildPhase section */

/* Begin PBXTargetDependency section */
		8E5F02142AF13D3300C4CAB4 /* PBXTargetDependency */ = {
			isa = PBXTargetDependency;
			target = 8E5F02012AF13D2F00C4CAB4 /* SUpotify_Mobile */;
			targetProxy = 8E5F02132AF13D3300C4CAB4 /* PBXContainerItemProxy */;
		};
		8E5F021E2AF13D3300C4CAB4 /* PBXTargetDependency */ = {
			isa = PBXTargetDependency;
			target = 8E5F02012AF13D2F00C4CAB4 /* SUpotify_Mobile */;
			targetProxy = 8E5F021D2AF13D3300C4CAB4 /* PBXContainerItemProxy */;
		};
/* End PBXTargetDependency section */

/* Begin XCBuildConfiguration section */
		8E5F02242AF13D3300C4CAB4 /* Debug */ = {
			isa = XCBuildConfiguration;
			buildSettings = {
				ALWAYS_SEARCH_USER_PATHS = NO;
				ASSETCATALOG_COMPILER_GENERATE_SWIFT_ASSET_SYMBOL_EXTENSIONS = YES;
				CLANG_ANALYZER_NONNULL = YES;
				CLANG_ANALYZER_NUMBER_OBJECT_CONVERSION = YES_AGGRESSIVE;
				CLANG_CXX_LANGUAGE_STANDARD = "gnu++20";
				CLANG_ENABLE_MODULES = YES;
				CLANG_ENABLE_OBJC_ARC = YES;
				CLANG_ENABLE_OBJC_WEAK = YES;
				CLANG_WARN_BLOCK_CAPTURE_AUTORELEASING = YES;
				CLANG_WARN_BOOL_CONVERSION = YES;
				CLANG_WARN_COMMA = YES;
				CLANG_WARN_CONSTANT_CONVERSION = YES;
				CLANG_WARN_DEPRECATED_OBJC_IMPLEMENTATIONS = YES;
				CLANG_WARN_DIRECT_OBJC_ISA_USAGE = YES_ERROR;
				CLANG_WARN_DOCUMENTATION_COMMENTS = YES;
				CLANG_WARN_EMPTY_BODY = YES;
				CLANG_WARN_ENUM_CONVERSION = YES;
				CLANG_WARN_INFINITE_RECURSION = YES;
				CLANG_WARN_INT_CONVERSION = YES;
				CLANG_WARN_NON_LITERAL_NULL_CONVERSION = YES;
				CLANG_WARN_OBJC_IMPLICIT_RETAIN_SELF = YES;
				CLANG_WARN_OBJC_LITERAL_CONVERSION = YES;
				CLANG_WARN_OBJC_ROOT_CLASS = YES_ERROR;
				CLANG_WARN_QUOTED_INCLUDE_IN_FRAMEWORK_HEADER = YES;
				CLANG_WARN_RANGE_LOOP_ANALYSIS = YES;
				CLANG_WARN_STRICT_PROTOTYPES = YES;
				CLANG_WARN_SUSPICIOUS_MOVE = YES;
				CLANG_WARN_UNGUARDED_AVAILABILITY = YES_AGGRESSIVE;
				CLANG_WARN_UNREACHABLE_CODE = YES;
				CLANG_WARN__DUPLICATE_METHOD_MATCH = YES;
				COPY_PHASE_STRIP = NO;
				DEBUG_INFORMATION_FORMAT = dwarf;
				ENABLE_STRICT_OBJC_MSGSEND = YES;
				ENABLE_TESTABILITY = YES;
				ENABLE_USER_SCRIPT_SANDBOXING = YES;
				GCC_C_LANGUAGE_STANDARD = gnu17;
				GCC_DYNAMIC_NO_PIC = NO;
				GCC_NO_COMMON_BLOCKS = YES;
				GCC_OPTIMIZATION_LEVEL = 0;
				GCC_PREPROCESSOR_DEFINITIONS = (
					"DEBUG=1",
					"$(inherited)",
				);
				GCC_WARN_64_TO_32_BIT_CONVERSION = YES;
				GCC_WARN_ABOUT_RETURN_TYPE = YES_ERROR;
				GCC_WARN_UNDECLARED_SELECTOR = YES;
				GCC_WARN_UNINITIALIZED_AUTOS = YES_AGGRESSIVE;
				GCC_WARN_UNUSED_FUNCTION = YES;
				GCC_WARN_UNUSED_VARIABLE = YES;
				IPHONEOS_DEPLOYMENT_TARGET = 17.0;
				LOCALIZATION_PREFERS_STRING_CATALOGS = YES;
				MTL_ENABLE_DEBUG_INFO = INCLUDE_SOURCE;
				MTL_FAST_MATH = YES;
				ONLY_ACTIVE_ARCH = YES;
				SDKROOT = iphoneos;
				SWIFT_ACTIVE_COMPILATION_CONDITIONS = "DEBUG $(inherited)";
				SWIFT_OPTIMIZATION_LEVEL = "-Onone";
			};
			name = Debug;
		};
		8E5F02252AF13D3300C4CAB4 /* Release */ = {
			isa = XCBuildConfiguration;
			buildSettings = {
				ALWAYS_SEARCH_USER_PATHS = NO;
				ASSETCATALOG_COMPILER_GENERATE_SWIFT_ASSET_SYMBOL_EXTENSIONS = YES;
				CLANG_ANALYZER_NONNULL = YES;
				CLANG_ANALYZER_NUMBER_OBJECT_CONVERSION = YES_AGGRESSIVE;
				CLANG_CXX_LANGUAGE_STANDARD = "gnu++20";
				CLANG_ENABLE_MODULES = YES;
				CLANG_ENABLE_OBJC_ARC = YES;
				CLANG_ENABLE_OBJC_WEAK = YES;
				CLANG_WARN_BLOCK_CAPTURE_AUTORELEASING = YES;
				CLANG_WARN_BOOL_CONVERSION = YES;
				CLANG_WARN_COMMA = YES;
				CLANG_WARN_CONSTANT_CONVERSION = YES;
				CLANG_WARN_DEPRECATED_OBJC_IMPLEMENTATIONS = YES;
				CLANG_WARN_DIRECT_OBJC_ISA_USAGE = YES_ERROR;
				CLANG_WARN_DOCUMENTATION_COMMENTS = YES;
				CLANG_WARN_EMPTY_BODY = YES;
				CLANG_WARN_ENUM_CONVERSION = YES;
				CLANG_WARN_INFINITE_RECURSION = YES;
				CLANG_WARN_INT_CONVERSION = YES;
				CLANG_WARN_NON_LITERAL_NULL_CONVERSION = YES;
				CLANG_WARN_OBJC_IMPLICIT_RETAIN_SELF = YES;
				CLANG_WARN_OBJC_LITERAL_CONVERSION = YES;
				CLANG_WARN_OBJC_ROOT_CLASS = YES_ERROR;
				CLANG_WARN_QUOTED_INCLUDE_IN_FRAMEWORK_HEADER = YES;
				CLANG_WARN_RANGE_LOOP_ANALYSIS = YES;
				CLANG_WARN_STRICT_PROTOTYPES = YES;
				CLANG_WARN_SUSPICIOUS_MOVE = YES;
				CLANG_WARN_UNGUARDED_AVAILABILITY = YES_AGGRESSIVE;
				CLANG_WARN_UNREACHABLE_CODE = YES;
				CLANG_WARN__DUPLICATE_METHOD_MATCH = YES;
				COPY_PHASE_STRIP = NO;
				DEBUG_INFORMATION_FORMAT = "dwarf-with-dsym";
				ENABLE_NS_ASSERTIONS = NO;
				ENABLE_STRICT_OBJC_MSGSEND = YES;
				ENABLE_USER_SCRIPT_SANDBOXING = YES;
				GCC_C_LANGUAGE_STANDARD = gnu17;
				GCC_NO_COMMON_BLOCKS = YES;
				GCC_WARN_64_TO_32_BIT_CONVERSION = YES;
				GCC_WARN_ABOUT_RETURN_TYPE = YES_ERROR;
				GCC_WARN_UNDECLARED_SELECTOR = YES;
				GCC_WARN_UNINITIALIZED_AUTOS = YES_AGGRESSIVE;
				GCC_WARN_UNUSED_FUNCTION = YES;
				GCC_WARN_UNUSED_VARIABLE = YES;
				IPHONEOS_DEPLOYMENT_TARGET = 17.0;
				LOCALIZATION_PREFERS_STRING_CATALOGS = YES;
				MTL_ENABLE_DEBUG_INFO = NO;
				MTL_FAST_MATH = YES;
				SDKROOT = iphoneos;
				SWIFT_COMPILATION_MODE = wholemodule;
				VALIDATE_PRODUCT = YES;
			};
			name = Release;
		};
		8E5F02272AF13D3300C4CAB4 /* Debug */ = {
			isa = XCBuildConfiguration;
			buildSettings = {
				ASSETCATALOG_COMPILER_APPICON_NAME = AppIcon;
				ASSETCATALOG_COMPILER_GLOBAL_ACCENT_COLOR_NAME = AccentColor;
				CODE_SIGN_STYLE = Automatic;
				CURRENT_PROJECT_VERSION = 1;
				DEVELOPMENT_ASSET_PATHS = "\"SUpotify_Mobile/Preview Content\"";
				DEVELOPMENT_TEAM = L53QKLVLRT;
				ENABLE_PREVIEWS = YES;
				GENERATE_INFOPLIST_FILE = YES;
				INFOPLIST_KEY_UIApplicationSceneManifest_Generation = YES;
				INFOPLIST_KEY_UIApplicationSupportsIndirectInputEvents = YES;
				INFOPLIST_KEY_UILaunchScreen_Generation = YES;
				INFOPLIST_KEY_UISupportedInterfaceOrientations_iPad = "UIInterfaceOrientationPortrait UIInterfaceOrientationPortraitUpsideDown UIInterfaceOrientationLandscapeLeft UIInterfaceOrientationLandscapeRight";
				INFOPLIST_KEY_UISupportedInterfaceOrientations_iPhone = "UIInterfaceOrientationPortrait UIInterfaceOrientationLandscapeLeft UIInterfaceOrientationLandscapeRight";
				LD_RUNPATH_SEARCH_PATHS = (
					"$(inherited)",
					"@executable_path/Frameworks",
				);
				MARKETING_VERSION = 1.0;
				PRODUCT_BUNDLE_IDENTIFIER = "hideniz.SUpotify-Mobile";
				PRODUCT_NAME = "$(TARGET_NAME)";
				SWIFT_EMIT_LOC_STRINGS = YES;
				SWIFT_VERSION = 5.0;
				TARGETED_DEVICE_FAMILY = "1,2";
			};
			name = Debug;
		};
		8E5F02282AF13D3300C4CAB4 /* Release */ = {
			isa = XCBuildConfiguration;
			buildSettings = {
				ASSETCATALOG_COMPILER_APPICON_NAME = AppIcon;
				ASSETCATALOG_COMPILER_GLOBAL_ACCENT_COLOR_NAME = AccentColor;
				CODE_SIGN_STYLE = Automatic;
				CURRENT_PROJECT_VERSION = 1;
				DEVELOPMENT_ASSET_PATHS = "\"SUpotify_Mobile/Preview Content\"";
				DEVELOPMENT_TEAM = L53QKLVLRT;
				ENABLE_PREVIEWS = YES;
				GENERATE_INFOPLIST_FILE = YES;
				INFOPLIST_KEY_UIApplicationSceneManifest_Generation = YES;
				INFOPLIST_KEY_UIApplicationSupportsIndirectInputEvents = YES;
				INFOPLIST_KEY_UILaunchScreen_Generation = YES;
				INFOPLIST_KEY_UISupportedInterfaceOrientations_iPad = "UIInterfaceOrientationPortrait UIInterfaceOrientationPortraitUpsideDown UIInterfaceOrientationLandscapeLeft UIInterfaceOrientationLandscapeRight";
				INFOPLIST_KEY_UISupportedInterfaceOrientations_iPhone = "UIInterfaceOrientationPortrait UIInterfaceOrientationLandscapeLeft UIInterfaceOrientationLandscapeRight";
				LD_RUNPATH_SEARCH_PATHS = (
					"$(inherited)",
					"@executable_path/Frameworks",
				);
				MARKETING_VERSION = 1.0;
				PRODUCT_BUNDLE_IDENTIFIER = "hideniz.SUpotify-Mobile";
				PRODUCT_NAME = "$(TARGET_NAME)";
				SWIFT_EMIT_LOC_STRINGS = YES;
				SWIFT_VERSION = 5.0;
				TARGETED_DEVICE_FAMILY = "1,2";
			};
			name = Release;
		};
		8E5F022A2AF13D3300C4CAB4 /* Debug */ = {
			isa = XCBuildConfiguration;
			buildSettings = {
				ALWAYS_EMBED_SWIFT_STANDARD_LIBRARIES = YES;
				BUNDLE_LOADER = "$(TEST_HOST)";
				CODE_SIGN_STYLE = Automatic;
				CURRENT_PROJECT_VERSION = 1;
				DEVELOPMENT_TEAM = L53QKLVLRT;
				GENERATE_INFOPLIST_FILE = YES;
				IPHONEOS_DEPLOYMENT_TARGET = 17.0;
				MARKETING_VERSION = 1.0;
				PRODUCT_BUNDLE_IDENTIFIER = "hideniz.SUpotify-MobileTests";
				PRODUCT_NAME = "$(TARGET_NAME)";
				SWIFT_EMIT_LOC_STRINGS = NO;
				SWIFT_VERSION = 5.0;
				TARGETED_DEVICE_FAMILY = "1,2";
				TEST_HOST = "$(BUILT_PRODUCTS_DIR)/SUpotify_Mobile.app/$(BUNDLE_EXECUTABLE_FOLDER_PATH)/SUpotify_Mobile";
			};
			name = Debug;
		};
		8E5F022B2AF13D3300C4CAB4 /* Release */ = {
			isa = XCBuildConfiguration;
			buildSettings = {
				ALWAYS_EMBED_SWIFT_STANDARD_LIBRARIES = YES;
				BUNDLE_LOADER = "$(TEST_HOST)";
				CODE_SIGN_STYLE = Automatic;
				CURRENT_PROJECT_VERSION = 1;
				DEVELOPMENT_TEAM = L53QKLVLRT;
				GENERATE_INFOPLIST_FILE = YES;
				IPHONEOS_DEPLOYMENT_TARGET = 17.0;
				MARKETING_VERSION = 1.0;
				PRODUCT_BUNDLE_IDENTIFIER = "hideniz.SUpotify-MobileTests";
				PRODUCT_NAME = "$(TARGET_NAME)";
				SWIFT_EMIT_LOC_STRINGS = NO;
				SWIFT_VERSION = 5.0;
				TARGETED_DEVICE_FAMILY = "1,2";
				TEST_HOST = "$(BUILT_PRODUCTS_DIR)/SUpotify_Mobile.app/$(BUNDLE_EXECUTABLE_FOLDER_PATH)/SUpotify_Mobile";
			};
			name = Release;
		};
		8E5F022D2AF13D3300C4CAB4 /* Debug */ = {
			isa = XCBuildConfiguration;
			buildSettings = {
				ALWAYS_EMBED_SWIFT_STANDARD_LIBRARIES = YES;
				CODE_SIGN_STYLE = Automatic;
				CURRENT_PROJECT_VERSION = 1;
				DEVELOPMENT_TEAM = L53QKLVLRT;
				GENERATE_INFOPLIST_FILE = YES;
				MARKETING_VERSION = 1.0;
				PRODUCT_BUNDLE_IDENTIFIER = "hideniz.SUpotify-MobileUITests";
				PRODUCT_NAME = "$(TARGET_NAME)";
				SWIFT_EMIT_LOC_STRINGS = NO;
				SWIFT_VERSION = 5.0;
				TARGETED_DEVICE_FAMILY = "1,2";
				TEST_TARGET_NAME = SUpotify_Mobile;
			};
			name = Debug;
		};
		8E5F022E2AF13D3300C4CAB4 /* Release */ = {
			isa = XCBuildConfiguration;
			buildSettings = {
				ALWAYS_EMBED_SWIFT_STANDARD_LIBRARIES = YES;
				CODE_SIGN_STYLE = Automatic;
				CURRENT_PROJECT_VERSION = 1;
				DEVELOPMENT_TEAM = L53QKLVLRT;
				GENERATE_INFOPLIST_FILE = YES;
				MARKETING_VERSION = 1.0;
				PRODUCT_BUNDLE_IDENTIFIER = "hideniz.SUpotify-MobileUITests";
				PRODUCT_NAME = "$(TARGET_NAME)";
				SWIFT_EMIT_LOC_STRINGS = NO;
				SWIFT_VERSION = 5.0;
				TARGETED_DEVICE_FAMILY = "1,2";
				TEST_TARGET_NAME = SUpotify_Mobile;
			};
			name = Release;
		};
/* End XCBuildConfiguration section */

/* Begin XCConfigurationList section */
		8E5F01FD2AF13D2F00C4CAB4 /* Build configuration list for PBXProject "SUpotify_Mobile" */ = {
			isa = XCConfigurationList;
			buildConfigurations = (
				8E5F02242AF13D3300C4CAB4 /* Debug */,
				8E5F02252AF13D3300C4CAB4 /* Release */,
			);
			defaultConfigurationIsVisible = 0;
			defaultConfigurationName = Release;
		};
		8E5F02262AF13D3300C4CAB4 /* Build configuration list for PBXNativeTarget "SUpotify_Mobile" */ = {
			isa = XCConfigurationList;
			buildConfigurations = (
				8E5F02272AF13D3300C4CAB4 /* Debug */,
				8E5F02282AF13D3300C4CAB4 /* Release */,
			);
			defaultConfigurationIsVisible = 0;
			defaultConfigurationName = Release;
		};
		8E5F02292AF13D3300C4CAB4 /* Build configuration list for PBXNativeTarget "SUpotify_MobileTests" */ = {
			isa = XCConfigurationList;
			buildConfigurations = (
				8E5F022A2AF13D3300C4CAB4 /* Debug */,
				8E5F022B2AF13D3300C4CAB4 /* Release */,
			);
			defaultConfigurationIsVisible = 0;
			defaultConfigurationName = Release;
		};
		8E5F022C2AF13D3300C4CAB4 /* Build configuration list for PBXNativeTarget "SUpotify_MobileUITests" */ = {
			isa = XCConfigurationList;
			buildConfigurations = (
				8E5F022D2AF13D3300C4CAB4 /* Debug */,
				8E5F022E2AF13D3300C4CAB4 /* Release */,
			);
			defaultConfigurationIsVisible = 0;
			defaultConfigurationName = Release;
		};
/* End XCConfigurationList section */
	};
	rootObject = 8E5F01FA2AF13D2F00C4CAB4 /* Project object */;
}
